
Microsoft Visual Studio Solution File, Format Version 12.00
# Visual Studio Version 17
VisualStudioVersion = 17.9.34728.123
MinimumVisualStudioVersion = 10.0.40219.1
Project("{8BC9CEB8-8B4A-11D0-8D11-00A0C91BC942}") = "QQMusicSMTC", "QQMusicSMTC\QQMusicSMTC.vcxproj", "{EE745709-CC15-431A-8598-D24B9B5EE104}"
EndProject
Project("{8BC9CEB8-8B4A-11D0-8D11-00A0C91BC942}") = "QQMusicSMTC_DLL", "QQMusicSMTC_DLL\QQMusicSMTC_DLL.vcxproj", "{83278DD6-2A95-45DC-BC3B-8E6008DA7139}"
EndProject
Project("{8BC9CEB8-8B4A-11D0-8D11-00A0C91BC942}") = "QQMusicSMTC_DLL_With_EXE", "QQMusicSMTC_DLL_With_EXE\QQMusicSMTC_DLL_With_EXE.vcxproj", "{10B732BD-8A72-44B9-B670-271D28017BB2}"
EndProject
Global
	GlobalSection(SolutionConfigurationPlatforms) = preSolution
		Debug|x64 = Debug|x64
		Debug|x86 = Debug|x86
		Release|x64 = Release|x64
		Release|x86 = Release|x86
	EndGlobalSection
	GlobalSection(ProjectConfigurationPlatforms) = postSolution
		{EE745709-CC15-431A-8598-D24B9B5EE104}.Debug|x64.ActiveCfg = Debug|x64
		{EE745709-CC15-431A-8598-D24B9B5EE104}.Debug|x64.Build.0 = Debug|x64
		{EE745709-CC15-431A-8598-D24B9B5EE104}.Debug|x86.ActiveCfg = Debug|Win32
		{EE745709-CC15-431A-8598-D24B9B5EE104}.Debug|x86.Build.0 = Debug|Win32
		{EE745709-CC15-431A-8598-D24B9B5EE104}.Release|x64.ActiveCfg = Release|x64
		{EE745709-CC15-431A-8598-D24B9B5EE104}.Release|x64.Build.0 = Release|x64
		{EE745709-CC15-431A-8598-D24B9B5EE104}.Release|x86.ActiveCfg = Release|Win32
		{EE745709-CC15-431A-8598-D24B9B5EE104}.Release|x86.Build.0 = Release|Win32
		{83278DD6-2A95-45DC-BC3B-8E6008DA7139}.Debug|x64.ActiveCfg = Debug|x64
		{83278DD6-2A95-45DC-BC3B-8E6008DA7139}.Debug|x64.Build.0 = Debug|x64
		{83278DD6-2A95-45DC-BC3B-8E6008DA7139}.Debug|x86.ActiveCfg = Debug|Win32
		{83278DD6-2A95-45DC-BC3B-8E6008DA7139}.Debug|x86.Build.0 = Debug|Win32
		{83278DD6-2A95-45DC-BC3B-8E6008DA7139}.Release|x64.ActiveCfg = Release|x64
		{83278DD6-2A95-45DC-BC3B-8E6008DA7139}.Release|x64.Build.0 = Release|x64
		{83278DD6-2A95-45DC-BC3B-8E6008DA7139}.Release|x86.ActiveCfg = Release|Win32
		{83278DD6-2A95-45DC-BC3B-8E6008DA7139}.Release|x86.Build.0 = Release|Win32
		{10B732BD-8A72-44B9-B670-271D28017BB2}.Debug|x64.ActiveCfg = Debug|x64
		{10B732BD-8A72-44B9-B670-271D28017BB2}.Debug|x64.Build.0 = Debug|x64
		{10B732BD-8A72-44B9-B670-271D28017BB2}.Debug|x86.ActiveCfg = Debug|Win32
		{10B732BD-8A72-44B9-B670-271D28017BB2}.Debug|x86.Build.0 = Debug|Win32
		{10B732BD-8A72-44B9-B670-271D28017BB2}.Release|x64.ActiveCfg = Release|x64
		{10B732BD-8A72-44B9-B670-271D28017BB2}.Release|x64.Build.0 = Release|x64
		{10B732BD-8A72-44B9-B670-271D28017BB2}.Release|x86.ActiveCfg = Release|Win32
		{10B732BD-8A72-44B9-B670-271D28017BB2}.Release|x86.Build.0 = Release|Win32
	EndGlobalSection
	GlobalSection(SolutionProperties) = preSolution
		HideSolutionNode = FALSE
	EndGlobalSection
	GlobalSection(ExtensibilityGlobals) = postSolution
		SolutionGuid = {3D6F8BF8-B50C-4369-B9F7-26677CAF1391}
	EndGlobalSection
EndGlobal
